
Microsoft Visual Studio Solution File, Format Version 12.00
# Visual Studio Version 16
VisualStudioVersion = 16.0.28719.191
MinimumVisualStudioVersion = 10.0.40219.1
Project("{9A19103F-16F7-4668-BE54-9A1E7A4F7556}") = "NETCore", "Core\NETCore.csproj", "{2C087851-B772-4326-AAA6-26B063C82790}"
EndProject
Project("{FAE04EC0-301F-11D3-BF4B-00C04F79EFBC}") = "NETFx", "NetFx\NETFx.csproj", "{AC61A4BB-D118-422D-BB73-44305E4A98F7}"
EndProject
Global
	GlobalSection(SolutionConfigurationPlatforms) = preSolution
		Debug|Any CPU = Debug|Any CPU
		Release|Any CPU = Release|Any CPU
	EndGlobalSection
	GlobalSection(ProjectConfigurationPlatforms) = postSolution
		{2C087851-B772-4326-AAA6-26B063C82790}.Debug|Any CPU.ActiveCfg = Debug|Any CPU
		{2C087851-B772-4326-AAA6-26B063C82790}.Debug|Any CPU.Build.0 = Debug|Any CPU
		{2C087851-B772-4326-AAA6-26B063C82790}.Release|Any CPU.ActiveCfg = Release|Any CPU
		{2C087851-B772-4326-AAA6-26B063C82790}.Release|Any CPU.Build.0 = Release|Any CPU
		{AC61A4BB-D118-422D-BB73-44305E4A98F7}.Debug|Any CPU.ActiveCfg = Debug|Any CPU
		{AC61A4BB-D118-422D-BB73-44305E4A98F7}.Debug|Any CPU.Build.0 = Debug|Any CPU
		{AC61A4BB-D118-422D-BB73-44305E4A98F7}.Release|Any CPU.ActiveCfg = Release|Any CPU
		{AC61A4BB-D118-422D-BB73-44305E4A98F7}.Release|Any CPU.Build.0 = Release|Any CPU
	EndGlobalSection
	GlobalSection(SolutionProperties) = preSolution
		HideSolutionNode = FALSE
	EndGlobalSection
	GlobalSection(ExtensibilityGlobals) = postSolution
		SolutionGuid = {4D5C1558-31A7-4C01-B32E-A83D56D0CDC5}
	EndGlobalSection
EndGlobal
